
Microsoft Visual Studio Solution File, Format Version 12.00
# Visual Studio 14
VisualStudioVersion = 14.0.23107.0
MinimumVisualStudioVersion = 10.0.40219.1
Project("{2150E333-8FDC-42A3-9474-1A3956D46DE8}") = ".paket", ".paket", "{08BB8C7E-FC9B-4ABB-9710-978AA7ADB18A}"
	ProjectSection(SolutionItems) = preProject
		paket.dependencies = paket.dependencies
	EndProjectSection
EndProject
Project("{FAE04EC0-301F-11D3-BF4B-00C04F79EFBC}") = "Okanshi.Dashboard", "src\Okanshi.Dashboard\Okanshi.Dashboard.csproj", "{2998B31A-C39E-4421-9ECD-FA93D7BC81B5}"
EndProject
Project("{2150E333-8FDC-42A3-9474-1A3956D46DE8}") = "tests", "tests", "{5330EB58-5805-411A-8CCC-2404E0545128}"
EndProject
Project("{FAE04EC0-301F-11D3-BF4B-00C04F79EFBC}") = "Okanshi.Dashboard.Tests", "tests\Okanshi.Dashboard.Tests\Okanshi.Dashboard.Tests.csproj", "{78DC308C-F134-43B1-8516-41DABC00FC9B}"
EndProject
Global
	GlobalSection(SolutionConfigurationPlatforms) = preSolution
		Debug|Any CPU = Debug|Any CPU
		Release|Any CPU = Release|Any CPU
	EndGlobalSection
	GlobalSection(ProjectConfigurationPlatforms) = postSolution
		{2998B31A-C39E-4421-9ECD-FA93D7BC81B5}.Debug|Any CPU.ActiveCfg = Debug|Any CPU
		{2998B31A-C39E-4421-9ECD-FA93D7BC81B5}.Debug|Any CPU.Build.0 = Debug|Any CPU
		{2998B31A-C39E-4421-9ECD-FA93D7BC81B5}.Release|Any CPU.ActiveCfg = Release|Any CPU
		{2998B31A-C39E-4421-9ECD-FA93D7BC81B5}.Release|Any CPU.Build.0 = Release|Any CPU
		{78DC308C-F134-43B1-8516-41DABC00FC9B}.Debug|Any CPU.ActiveCfg = Debug|Any CPU
		{78DC308C-F134-43B1-8516-41DABC00FC9B}.Debug|Any CPU.Build.0 = Debug|Any CPU
		{78DC308C-F134-43B1-8516-41DABC00FC9B}.Release|Any CPU.ActiveCfg = Release|Any CPU
		{78DC308C-F134-43B1-8516-41DABC00FC9B}.Release|Any CPU.Build.0 = Release|Any CPU
	EndGlobalSection
	GlobalSection(SolutionProperties) = preSolution
		HideSolutionNode = FALSE
	EndGlobalSection
	GlobalSection(NestedProjects) = preSolution
		{78DC308C-F134-43B1-8516-41DABC00FC9B} = {5330EB58-5805-411A-8CCC-2404E0545128}
	EndGlobalSection
EndGlobal
